hash: 27f59a3286219e05f6035775ee96fd40dcb465810b44a69530bbfdfcf9254c5f
updated: 2018-04-01T12:29:56.5790868-05:00
imports:
- name: github.com/alecthomas/kingpin
  version: 2b154cee082ef5c544fa8ea1750b9eb6581b0040
- name: github.com/alecthomas/units
  version: 2efee857e7cfd4f3d0138cc3cbb1b4966962b93a
- name: github.com/fatih/structs
  version: a720dfa8df582c51dee1b36feabb906bde1588bd
- name: github.com/golang/protobuf
  version: e09c5db296004fbe3f74490e84dcd62c3c5ddb1b
  subpackages:
  - proto
- name: github.com/howeyc/gopass
  version: bf9dde6d0d2c004a008c27aaee91170c786f6db8
- name: github.com/mattn/go-runewidth
  version: a9d6d1e4dc51df2130326793d49971f238839169
- name: github.com/nicksnyder/go-i18n
  version: a872b3191e0ec630a6c1219d74e56fe2053ab1c3
  subpackages:
  - i18n
  - i18n/bundle
  - i18n/language
  - i18n/translation
- name: github.com/olekukonko/tablewriter
  version: 0fd34425a5aee40ff3f260b34e6c3b0d59f58c66
- name: github.com/pelletier/go-toml
  version: 66540cf1fcd2c3aee6f6787dfa32a6ae9a870f12
- name: github.com/satori/go.uuid
  version: f58768cc1a7a7e77a3bd49e98cdd21419399b6a3
- name: github.com/sirupsen/logrus
  version: c155da19408a8799da419ed3eeb0cb5db0ad5dbc
- name: github.com/tarm/serial
  version: fdb95b50820e236308fffabc41ccf23f3056be77
- name: golang.org/x/crypto
  version: 12892e8c234f4fe6f6803f052061de9057903bb2
  subpackages:
  - curve25519
  - ed25519
  - ed25519/internal/edwards25519
  - internal/chacha20
  - poly1305
  - ssh
  - ssh/terminal
- name: golang.org/x/net
  version: b68f30494add4df6bd8ef5e82803f308e7f7c59c
  subpackages:
  - context
  - context/ctxhttp
- name: golang.org/x/oauth2
  version: fdc9e635145ae97e6c2cb777c48305600cf515cb
  subpackages:
  - internal
- name: golang.org/x/sys
  version: 378d26f46672a356c46195c28f61bdb4c0a781dd
  subpackages:
  - unix
  - windows
- name: google.golang.org/appengine
  version: ad39d7fab7c60b2493fdc318c3d2cdb2128f92a4
  subpackages:
  - internal
  - internal/base
  - internal/datastore
  - internal/log
  - internal/remote_api
  - internal/urlfetch
  - urlfetch
- name: gopkg.in/yaml.v2
  version: 5420a8b6744d3b0345ab293f6fcba19c978f1183
testImports: []
